{
  "name": "random-quote",
  "version": "1.0.0",
  "lockfileVersion": 1,
  "requires": true,
  "dependencies": {
    "categorized-words": {
      "version": "1.0.0",
      "resolved": "https://registry.npmjs.org/categorized-words/-/categorized-words-1.0.0.tgz",
      "integrity": "sha512-rnJ4rAHVbf3jw39+WXei+7zCiiPn/fUP3sLelRLVCwEOy75v/xIHVptm/vyaLe1uhI1OekN9zUSukSco07gzEg==",
      "dev": true
    },
    "profanities": {
      "version": "2.10.1",
      "resolved": "https://registry.npmjs.org/profanities/-/profanities-2.10.1.tgz",
      "integrity": "sha512-YZx2XGIHZTI4lj5iBOfZdjYLqdWTRi2PYx3optZdrOx2+E9D42PisjwRgQFIbi2I0+v1icg6lOPCeeh5r6z28g==",
      "dev": true
    }
  }
}
